
Microsoft Visual Studio Solution File, Format Version 12.00
# Visual Studio Version 16
VisualStudioVersion = 16.0.34114.132
MinimumVisualStudioVersion = 10.0.40219.1
Project("{FAE04EC0-301F-11D3-BF4B-00C04F79EFBC}") = "Paginacao", "Paginacao\Paginacao.csproj", "{88130D71-97B7-430A-BBC5-A6D164BC91E7}"
EndProject
Global
	GlobalSection(SolutionConfigurationPlatforms) = preSolution
		Debug|Any CPU = Debug|Any CPU
		Release|Any CPU = Release|Any CPU
	EndGlobalSection
	GlobalSection(ProjectConfigurationPlatforms) = postSolution
		{88130D71-97B7-430A-BBC5-A6D164BC91E7}.Debug|Any CPU.ActiveCfg = Debug|Any CPU
		{88130D71-97B7-430A-BBC5-A6D164BC91E7}.Debug|Any CPU.Build.0 = Debug|Any CPU
		{88130D71-97B7-430A-BBC5-A6D164BC91E7}.Release|Any CPU.ActiveCfg = Release|Any CPU
		{88130D71-97B7-430A-BBC5-A6D164BC91E7}.Release|Any CPU.Build.0 = Release|Any CPU
	EndGlobalSection
	GlobalSection(SolutionProperties) = preSolution
		HideSolutionNode = FALSE
	EndGlobalSection
	GlobalSection(ExtensibilityGlobals) = postSolution
		SolutionGuid = {7F9353F1-C981-4E53-8F54-F3309D827205}
	EndGlobalSection
EndGlobal
